# THIS IS AN AUTOGENERATED FILE. DO NOT EDIT THIS FILE DIRECTLY.
# yarn lockfile v1


react-flip-move@^3.0.3:
  version "3.0.3"
  resolved "https://registry.yarnpkg.com/react-flip-move/-/react-flip-move-3.0.3.tgz#3065b0b9e622ae73953aba725f8feed8e4643667"
  integrity sha512-gR2jvjUgIXI7ceFWJkr8owX4vKhV0IJoXIf/Dt7gESFe5OKiSz2H6d10mKTW8fN134NDI16J4HgEgq9pKqJd5A==
